// !$*UTF8*$!
{
	archiveVersion = 1;
	classes = {
	};
	objectVersion = 46;
	objects = {

/* Begin PBXBuildFile section */
		012B9FC21F294C42000F1762 /* UsersViewController.swift in Sources */ = {isa = PBXBuildFile; fileRef = 012B9FC01F294C42000F1762 /* UsersViewController.swift */; };
		012B9FC51F294C52000F1762 /* AppDelegate.swift in Sources */ = {isa = PBXBuildFile; fileRef = 012B9FC41F294C52000F1762 /* AppDelegate.swift */; };
		012B9FC71F294C6A000F1762 /* Assets.xcassets in Resources */ = {isa = PBXBuildFile; fileRef = 012B9FC61F294C6A000F1762 /* Assets.xcassets */; };
		012B9FC91F294C80000F1762 /* Info.plist in Resources */ = {isa = PBXBuildFile; fileRef = 012B9FC81F294C80000F1762 /* Info.plist */; };
		012B9FCC1F294C99000F1762 /* LaunchScreen.storyboard in Resources */ = {isa = PBXBuildFile; fileRef = 012B9FCA1F294C99000F1762 /* LaunchScreen.storyboard */; };
		012B9FCD1F294C99000F1762 /* Main.storyboard in Resources */ = {isa = PBXBuildFile; fileRef = 012B9FCB1F294C99000F1762 /* Main.storyboard */; };
		012B9FCF1F294CC4000F1762 /* User.swift in Sources */ = {isa = PBXBuildFile; fileRef = 012B9FCE1F294CC4000F1762 /* User.swift */; };
		012B9FD11F294D06000F1762 /* Geo.swift in Sources */ = {isa = PBXBuildFile; fileRef = 012B9FD01F294D06000F1762 /* Geo.swift */; };
		012B9FD31F294D12000F1762 /* Address.swift in Sources */ = {isa = PBXBuildFile; fileRef = 012B9FD21F294D12000F1762 /* Address.swift */; };
		012B9FD51F294D26000F1762 /* Company.swift in Sources */ = {isa = PBXBuildFile; fileRef = 012B9FD41F294D26000F1762 /* Company.swift */; };
		012B9FD71F295268000F1762 /* Users.plist in Resources */ = {isa = PBXBuildFile; fileRef = 012B9FD61F295268000F1762 /* Users.plist */; };
		012B9FDC1F295407000F1762 /* LocalUserCollection.swift in Sources */ = {isa = PBXBuildFile; fileRef = 012B9FDB1F295407000F1762 /* LocalUserCollection.swift */; };
		012B9FDE1F29622F000F1762 /* UserService.swift in Sources */ = {isa = PBXBuildFile; fileRef = 012B9FDD1F29622F000F1762 /* UserService.swift */; };
		012B9FE01F296304000F1762 /* TaskServiceError.swift in Sources */ = {isa = PBXBuildFile; fileRef = 012B9FDF1F296304000F1762 /* TaskServiceError.swift */; };
		012B9FE21F2963AC000F1762 /* Post.swift in Sources */ = {isa = PBXBuildFile; fileRef = 012B9FE11F2963AC000F1762 /* Post.swift */; };
		012B9FE41F296AD9000F1762 /* CloudUserCollection.swift in Sources */ = {isa = PBXBuildFile; fileRef = 012B9FE31F296AD9000F1762 /* CloudUserCollection.swift */; };
		012B9FE71F297349000F1762 /* Router.swift in Sources */ = {isa = PBXBuildFile; fileRef = 012B9FE61F297349000F1762 /* Router.swift */; };
		012B9FE91F298DCE000F1762 /* UserPostsViewController.swift in Sources */ = {isa = PBXBuildFile; fileRef = 012B9FE81F298DCE000F1762 /* UserPostsViewController.swift */; };
		012B9FED1F298E95000F1762 /* OpenSans-Regular.ttf in Resources */ = {isa = PBXBuildFile; fileRef = 012B9FEC1F298E95000F1762 /* OpenSans-Regular.ttf */; };
		012B9FEF1F298F0D000F1762 /* OpenSans-Light.ttf in Resources */ = {isa = PBXBuildFile; fileRef = 012B9FEE1F298F0D000F1762 /* OpenSans-Light.ttf */; };
		012B9FF11F299112000F1762 /* UserCell.swift in Sources */ = {isa = PBXBuildFile; fileRef = 012B9FF01F299112000F1762 /* UserCell.swift */; };
		01795E1A1F29952D007FC0DE /* ResuableView.swift in Sources */ = {isa = PBXBuildFile; fileRef = 01795E191F29952D007FC0DE /* ResuableView.swift */; };
		01BB379D1F299854001518F7 /* UserViewModel.swift in Sources */ = {isa = PBXBuildFile; fileRef = 01BB379C1F299854001518F7 /* UserViewModel.swift */; };
		C0D359E20F1B360C29322165 /* Pods_Quandoo_Candidate_Task.framework in Frameworks */ = {isa = PBXBuildFile; fileRef = C9D91134A44A4485F5142C4A /* Pods_Quandoo_Candidate_Task.framework */; };
/* End PBXBuildFile section */

/* Begin PBXFileReference section */
		012B9FA01F29489E000F1762 /* Quandoo-Candidate-Task.app */ = {isa = PBXFileReference; explicitFileType = wrapper.application; includeInIndex = 0; path = "Quandoo-Candidate-Task.app"; sourceTree = BUILT_PRODUCTS_DIR; };
		012B9FBF1F294C41000F1762 /* Quandoo-Candidate-Task-Bridging-Header.h */ = {isa = PBXFileReference; lastKnownFileType = sourcecode.c.h; name = "Quandoo-Candidate-Task-Bridging-Header.h"; path = "../View Controllers/Quandoo-Candidate-Task-Bridging-Header.h"; sourceTree = "<group>"; };
		012B9FC01F294C42000F1762 /* UsersViewController.swift */ = {isa = PBXFileReference; fileEncoding = 4; lastKnownFileType = sourcecode.swift; path = UsersViewController.swift; sourceTree = "<group>"; };
		012B9FC41F294C52000F1762 /* AppDelegate.swift */ = {isa = PBXFileReference; fileEncoding = 4; lastKnownFileType = sourcecode.swift; path = AppDelegate.swift; sourceTree = "<group>"; };
		012B9FC61F294C6A000F1762 /* Assets.xcassets */ = {isa = PBXFileReference; lastKnownFileType = folder.assetcatalog; path = Assets.xcassets; sourceTree = "<group>"; };
		012B9FC81F294C80000F1762 /* Info.plist */ = {isa = PBXFileReference; fileEncoding = 4; lastKnownFileType = text.plist.xml; path = Info.plist; sourceTree = "<group>"; };
		012B9FCA1F294C99000F1762 /* LaunchScreen.storyboard */ = {isa = PBXFileReference; fileEncoding = 4; lastKnownFileType = file.storyboard; path = LaunchScreen.storyboard; sourceTree = "<group>"; };
		012B9FCB1F294C99000F1762 /* Main.storyboard */ = {isa = PBXFileReference; fileEncoding = 4; lastKnownFileType = file.storyboard; path = Main.storyboard; sourceTree = "<group>"; };
		012B9FCE1F294CC4000F1762 /* User.swift */ = {isa = PBXFileReference; fileEncoding = 4; lastKnownFileType = sourcecode.swift; path = User.swift; sourceTree = "<group>"; };
		012B9FD01F294D06000F1762 /* Geo.swift */ = {isa = PBXFileReference; fileEncoding = 4; lastKnownFileType = sourcecode.swift; path = Geo.swift; sourceTree = "<group>"; };
		012B9FD21F294D12000F1762 /* Address.swift */ = {isa = PBXFileReference; fileEncoding = 4; lastKnownFileType = sourcecode.swift; path = Address.swift; sourceTree = "<group>"; };
		012B9FD41F294D26000F1762 /* Company.swift */ = {isa = PBXFileReference; fileEncoding = 4; lastKnownFileType = sourcecode.swift; path = Company.swift; sourceTree = "<group>"; };
		012B9FD61F295268000F1762 /* Users.plist */ = {isa = PBXFileReference; fileEncoding = 4; lastKnownFileType = text.plist.xml; path = Users.plist; sourceTree = "<group>"; };
		012B9FDB1F295407000F1762 /* LocalUserCollection.swift */ = {isa = PBXFileReference; fileEncoding = 4; lastKnownFileType = sourcecode.swift; path = LocalUserCollection.swift; sourceTree = "<group>"; };
		012B9FDD1F29622F000F1762 /* UserService.swift */ = {isa = PBXFileReference; fileEncoding = 4; lastKnownFileType = sourcecode.swift; path = UserService.swift; sourceTree = "<group>"; };
		012B9FDF1F296304000F1762 /* TaskServiceError.swift */ = {isa = PBXFileReference; fileEncoding = 4; lastKnownFileType = sourcecode.swift; path = TaskServiceError.swift; sourceTree = "<group>"; };
		012B9FE11F2963AC000F1762 /* Post.swift */ = {isa = PBXFileReference; fileEncoding = 4; lastKnownFileType = sourcecode.swift; path = Post.swift; sourceTree = "<group>"; };
		012B9FE31F296AD9000F1762 /* CloudUserCollection.swift */ = {isa = PBXFileReference; fileEncoding = 4; lastKnownFileType = sourcecode.swift; path = CloudUserCollection.swift; sourceTree = "<group>"; };
		012B9FE61F297349000F1762 /* Router.swift */ = {isa = PBXFileReference; fileEncoding = 4; lastKnownFileType = sourcecode.swift; path = Router.swift; sourceTree = "<group>"; };
		012B9FE81F298DCE000F1762 /* UserPostsViewController.swift */ = {isa = PBXFileReference; fileEncoding = 4; lastKnownFileType = sourcecode.swift; path = UserPostsViewController.swift; sourceTree = "<group>"; };
		012B9FEC1F298E95000F1762 /* OpenSans-Regular.ttf */ = {isa = PBXFileReference; lastKnownFileType = file; path = "OpenSans-Regular.ttf"; sourceTree = "<group>"; };
		012B9FEE1F298F0D000F1762 /* OpenSans-Light.ttf */ = {isa = PBXFileReference; lastKnownFileType = file; path = "OpenSans-Light.ttf"; sourceTree = "<group>"; };
		012B9FF01F299112000F1762 /* UserCell.swift */ = {isa = PBXFileReference; fileEncoding = 4; lastKnownFileType = sourcecode.swift; path = UserCell.swift; sourceTree = "<group>"; };
		01795E191F29952D007FC0DE /* ResuableView.swift */ = {isa = PBXFileReference; fileEncoding = 4; lastKnownFileType = sourcecode.swift; path = ResuableView.swift; sourceTree = "<group>"; };
		01BB379C1F299854001518F7 /* UserViewModel.swift */ = {isa = PBXFileReference; fileEncoding = 4; lastKnownFileType = sourcecode.swift; path = UserViewModel.swift; sourceTree = "<group>"; };
		10EE1673EE96B62A0C3179FE /* Pods-Quandoo-Candidate-Task.release.xcconfig */ = {isa = PBXFileReference; includeInIndex = 1; lastKnownFileType = text.xcconfig; name = "Pods-Quandoo-Candidate-Task.release.xcconfig"; path = "Pods/Target Support Files/Pods-Quandoo-Candidate-Task/Pods-Quandoo-Candidate-Task.release.xcconfig"; sourceTree = "<group>"; };
		73555CA68948B721A91BFECB /* Pods-Quandoo-Candidate-Task.debug.xcconfig */ = {isa = PBXFileReference; includeInIndex = 1; lastKnownFileType = text.xcconfig; name = "Pods-Quandoo-Candidate-Task.debug.xcconfig"; path = "Pods/Target Support Files/Pods-Quandoo-Candidate-Task/Pods-Quandoo-Candidate-Task.debug.xcconfig"; sourceTree = "<group>"; };
		C9D91134A44A4485F5142C4A /* Pods_Quandoo_Candidate_Task.framework */ = {isa = PBXFileReference; explicitFileType = wrapper.framework; includeInIndex = 0; path = Pods_Quandoo_Candidate_Task.framework; sourceTree = BUILT_PRODUCTS_DIR; };
/* End PBXFileReference section */

/* Begin PBXFrameworksBuildPhase section */
		012B9F9D1F29489E000F1762 /* Frameworks */ = {
			isa = PBXFrameworksBuildPhase;
			buildActionMask = 2147483647;
			files = (
				C0D359E20F1B360C29322165 /* Pods_Quandoo_Candidate_Task.framework in Frameworks */,
			);
			runOnlyForDeploymentPostprocessing = 0;
		};
/* End PBXFrameworksBuildPhase section */

/* Begin PBXGroup section */
		012B9F971F29489E000F1762 = {
			isa = PBXGroup;
			children = (
				012B9FA21F29489E000F1762 /* Quandoo-Candidate-Task */,
				012B9FA11F29489E000F1762 /* Products */,
				7E5F16C82F97340443252DF5 /* Pods */,
				173FFB29C0465F13EDF3E48B /* Frameworks */,
			);
			sourceTree = "<group>";
		};
		012B9FA11F29489E000F1762 /* Products */ = {
			isa = PBXGroup;
			children = (
				012B9FA01F29489E000F1762 /* Quandoo-Candidate-Task.app */,
			);
			name = Products;
			sourceTree = "<group>";
		};
		012B9FA21F29489E000F1762 /* Quandoo-Candidate-Task */ = {
			isa = PBXGroup;
			children = (
				012B9FB71F2948EB000F1762 /* AppDelegate */,
				012B9FBD1F294991000F1762 /* View Controllers */,
				012B9FD81F29537B000F1762 /* ViewModel */,
				012B9FB91F294968000F1762 /* Models */,
				012B9FBE1F29499B000F1762 /* Views */,
				012B9FE51F297322000F1762 /* Helpers */,
				012B9FBA1F294973000F1762 /* Networking */,
				012B9FB81F294956000F1762 /* Extensions */,
				012B9FBC1F294985000F1762 /* Supporting Files */,
				012B9FEA1F298E95000F1762 /* Others */,
				012B9FBB1F29497A000F1762 /* Resources */,
			);
			path = "Quandoo-Candidate-Task";
			sourceTree = "<group>";
		};
		012B9FB71F2948EB000F1762 /* AppDelegate */ = {
			isa = PBXGroup;
			children = (
				012B9FC41F294C52000F1762 /* AppDelegate.swift */,
			);
			path = AppDelegate;
			sourceTree = "<group>";
		};
		012B9FB81F294956000F1762 /* Extensions */ = {
			isa = PBXGroup;
			children = (
			);
			path = Extensions;
			sourceTree = "<group>";
		};
		012B9FB91F294968000F1762 /* Models */ = {
			isa = PBXGroup;
			children = (
				012B9FCE1F294CC4000F1762 /* User.swift */,
				012B9FD61F295268000F1762 /* Users.plist */,
				012B9FD21F294D12000F1762 /* Address.swift */,
				012B9FD01F294D06000F1762 /* Geo.swift */,
				012B9FD41F294D26000F1762 /* Company.swift */,
				012B9FE11F2963AC000F1762 /* Post.swift */,
			);
			name = Models;
			path = Model;
			sourceTree = "<group>";
		};
		012B9FBA1F294973000F1762 /* Networking */ = {
			isa = PBXGroup;
			children = (
			);
			path = Networking;
			sourceTree = "<group>";
		};
		012B9FBB1F29497A000F1762 /* Resources */ = {
			isa = PBXGroup;
			children = (
				012B9FC61F294C6A000F1762 /* Assets.xcassets */,
			);
			path = Resources;
			sourceTree = "<group>";
		};
		012B9FBC1F294985000F1762 /* Supporting Files */ = {
			isa = PBXGroup;
			children = (
				012B9FBF1F294C41000F1762 /* Quandoo-Candidate-Task-Bridging-Header.h */,
				012B9FC81F294C80000F1762 /* Info.plist */,
			);
			path = "Supporting Files";
			sourceTree = "<group>";
		};
		012B9FBD1F294991000F1762 /* View Controllers */ = {
			isa = PBXGroup;
			children = (
				012B9FC01F294C42000F1762 /* UsersViewController.swift */,
				012B9FE81F298DCE000F1762 /* UserPostsViewController.swift */,
			);
			path = "View Controllers";
			sourceTree = "<group>";
		};
		012B9FBE1F29499B000F1762 /* Views */ = {
			isa = PBXGroup;
			children = (
				012B9FCA1F294C99000F1762 /* LaunchScreen.storyboard */,
				012B9FCB1F294C99000F1762 /* Main.storyboard */,
				012B9FF01F299112000F1762 /* UserCell.swift */,
				01795E191F29952D007FC0DE /* ResuableView.swift */,
			);
			path = Views;
			sourceTree = "<group>";
		};
		012B9FD81F29537B000F1762 /* ViewModel */ = {
			isa = PBXGroup;
			children = (
				01BB379C1F299854001518F7 /* UserViewModel.swift */,
				012B9FE31F296AD9000F1762 /* CloudUserCollection.swift */,
				012B9FDB1F295407000F1762 /* LocalUserCollection.swift */,
				012B9FDD1F29622F000F1762 /* UserService.swift */,
				012B9FDF1F296304000F1762 /* TaskServiceError.swift */,
			);
			path = ViewModel;
			sourceTree = "<group>";
		};
		012B9FE51F297322000F1762 /* Helpers */ = {
			isa = PBXGroup;
			children = (
				012B9FE61F297349000F1762 /* Router.swift */,
			);
			path = Helpers;
			sourceTree = "<group>";
		};
		012B9FEA1F298E95000F1762 /* Others */ = {
			isa = PBXGroup;
			children = (
				012B9FEB1F298E95000F1762 /* Fonts */,
			);
			name = Others;
			path = Resources/Others;
			sourceTree = "<group>";
		};
		012B9FEB1F298E95000F1762 /* Fonts */ = {
			isa = PBXGroup;
			children = (
				012B9FEE1F298F0D000F1762 /* OpenSans-Light.ttf */,
				012B9FEC1F298E95000F1762 /* OpenSans-Regular.ttf */,
			);
			path = Fonts;
			sourceTree = "<group>";
		};
		173FFB29C0465F13EDF3E48B /* Frameworks */ = {
			isa = PBXGroup;
			children = (
				C9D91134A44A4485F5142C4A /* Pods_Quandoo_Candidate_Task.framework */,
			);
			name = Frameworks;
			sourceTree = "<group>";
		};
		7E5F16C82F97340443252DF5 /* Pods */ = {
			isa = PBXGroup;
			children = (
				73555CA68948B721A91BFECB /* Pods-Quandoo-Candidate-Task.debug.xcconfig */,
				10EE1673EE96B62A0C3179FE /* Pods-Quandoo-Candidate-Task.release.xcconfig */,
			);
			name = Pods;
			sourceTree = "<group>";
		};
/* End PBXGroup section */

/* Begin PBXNativeTarget section */
		012B9F9F1F29489E000F1762 /* Quandoo-Candidate-Task */ = {
			isa = PBXNativeTarget;
			buildConfigurationList = 012B9FB41F29489E000F1762 /* Build configuration list for PBXNativeTarget "Quandoo-Candidate-Task" */;
			buildPhases = (
				B3C05B4C45CAD56DB465B6D8 /* [CP] Check Pods Manifest.lock */,
				012B9F9C1F29489E000F1762 /* Sources */,
				012B9F9D1F29489E000F1762 /* Frameworks */,
				012B9F9E1F29489E000F1762 /* Resources */,
				180DFC66212F29E2511B52A6 /* [CP] Embed Pods Frameworks */,
				3310E1A2D14717AA6F09431A /* [CP] Copy Pods Resources */,
			);
			buildRules = (
			);
			dependencies = (
			);
			name = "Quandoo-Candidate-Task";
			productName = "Quandoo-Candidate-Task";
			productReference = 012B9FA01F29489E000F1762 /* Quandoo-Candidate-Task.app */;
			productType = "com.apple.product-type.application";
		};
/* End PBXNativeTarget section */

/* Begin PBXProject section */
		012B9F981F29489E000F1762 /* Project object */ = {
			isa = PBXProject;
			attributes = {
				LastSwiftUpdateCheck = 0830;
				LastUpgradeCheck = 0830;
				ORGANIZATIONNAME = "Quandoo GmbH";
				TargetAttributes = {
					012B9F9F1F29489E000F1762 = {
						CreatedOnToolsVersion = 8.3;
						DevelopmentTeam = LG4XB4J5E3;
						LastSwiftMigration = 0830;
						ProvisioningStyle = Automatic;
					};
				};
			};
			buildConfigurationList = 012B9F9B1F29489E000F1762 /* Build configuration list for PBXProject "Quandoo-Candidate-Task" */;
			compatibilityVersion = "Xcode 3.2";
			developmentRegion = English;
			hasScannedForEncodings = 0;
			knownRegions = (
				en,
				Base,
			);
			mainGroup = 012B9F971F29489E000F1762;
			productRefGroup = 012B9FA11F29489E000F1762 /* Products */;
			projectDirPath = "";
			projectRoot = "";
			targets = (
				012B9F9F1F29489E000F1762 /* Quandoo-Candidate-Task */,
			);
		};
/* End PBXProject section */

/* Begin PBXResourcesBuildPhase section */
		012B9F9E1F29489E000F1762 /* Resources */ = {
			isa = PBXResourcesBuildPhase;
			buildActionMask = 2147483647;
			files = (
				012B9FCC1F294C99000F1762 /* LaunchScreen.storyboard in Resources */,
				012B9FC91F294C80000F1762 /* Info.plist in Resources */,
				012B9FEF1F298F0D000F1762 /* OpenSans-Light.ttf in Resources */,
				012B9FC71F294C6A000F1762 /* Assets.xcassets in Resources */,
				012B9FD71F295268000F1762 /* Users.plist in Resources */,
				012B9FED1F298E95000F1762 /* OpenSans-Regular.ttf in Resources */,
				012B9FCD1F294C99000F1762 /* Main.storyboard in Resources */,
			);
			runOnlyForDeploymentPostprocessing = 0;
		};
/* End PBXResourcesBuildPhase section */

/* Begin PBXShellScriptBuildPhase section */
		180DFC66212F29E2511B52A6 /* [CP] Embed Pods Frameworks */ = {
			isa = PBXShellScriptBuildPhase;
			buildActionMask = 2147483647;
			files = (
			);
			inputPaths = (
			);
			name = "[CP] Embed Pods Frameworks";
			outputPaths = (
			);
			runOnlyForDeploymentPostprocessing = 0;
			shellPath = /bin/sh;
			shellScript = "\"${SRCROOT}/Pods/Target Support Files/Pods-Quandoo-Candidate-Task/Pods-Quandoo-Candidate-Task-frameworks.sh\"\n";
			showEnvVarsInLog = 0;
		};
		3310E1A2D14717AA6F09431A /* [CP] Copy Pods Resources */ = {
			isa = PBXShellScriptBuildPhase;
			buildActionMask = 2147483647;
			files = (
			);
			inputPaths = (
			);
			name = "[CP] Copy Pods Resources";
			outputPaths = (
			);
			runOnlyForDeploymentPostprocessing = 0;
			shellPath = /bin/sh;
			shellScript = "\"${SRCROOT}/Pods/Target Support Files/Pods-Quandoo-Candidate-Task/Pods-Quandoo-Candidate-Task-resources.sh\"\n";
			showEnvVarsInLog = 0;
		};
		B3C05B4C45CAD56DB465B6D8 /* [CP] Check Pods Manifest.lock */ = {
			isa = PBXShellScriptBuildPhase;
			buildActionMask = 2147483647;
			files = (
			);
			inputPaths = (
			);
			name = "[CP] Check Pods Manifest.lock";
			outputPaths = (
			);
			runOnlyForDeploymentPostprocessing = 0;
			shellPath = /bin/sh;
			shellScript = "diff \"${PODS_PODFILE_DIR_PATH}/Podfile.lock\" \"${PODS_ROOT}/Manifest.lock\" > /dev/null\nif [ $? != 0 ] ; then\n    # print error to STDERR\n    echo \"error: The sandbox is not in sync with the Podfile.lock. Run 'pod install' or update your CocoaPods installation.\" >&2\n    exit 1\nfi\n";
			showEnvVarsInLog = 0;
		};
/* End PBXShellScriptBuildPhase section */

/* Begin PBXSourcesBuildPhase section */
		012B9F9C1F29489E000F1762 /* Sources */ = {
			isa = PBXSourcesBuildPhase;
			buildActionMask = 2147483647;
			files = (
				012B9FD31F294D12000F1762 /* Address.swift in Sources */,
				012B9FE21F2963AC000F1762 /* Post.swift in Sources */,
				012B9FF11F299112000F1762 /* UserCell.swift in Sources */,
				012B9FE01F296304000F1762 /* TaskServiceError.swift in Sources */,
				012B9FCF1F294CC4000F1762 /* User.swift in Sources */,
				012B9FDE1F29622F000F1762 /* UserService.swift in Sources */,
				012B9FDC1F295407000F1762 /* LocalUserCollection.swift in Sources */,
				012B9FE41F296AD9000F1762 /* CloudUserCollection.swift in Sources */,
				012B9FC51F294C52000F1762 /* AppDelegate.swift in Sources */,
				01BB379D1F299854001518F7 /* UserViewModel.swift in Sources */,
				012B9FD51F294D26000F1762 /* Company.swift in Sources */,
				012B9FE91F298DCE000F1762 /* UserPostsViewController.swift in Sources */,
				012B9FC21F294C42000F1762 /* UsersViewController.swift in Sources */,
				012B9FD11F294D06000F1762 /* Geo.swift in Sources */,
				012B9FE71F297349000F1762 /* Router.swift in Sources */,
				01795E1A1F29952D007FC0DE /* ResuableView.swift in Sources */,
			);
			runOnlyForDeploymentPostprocessing = 0;
		};
/* End PBXSourcesBuildPhase section */

/* Begin XCBuildConfiguration section */
		012B9FB21F29489E000F1762 /* Debug */ = {
			isa = XCBuildConfiguration;
			buildSettings = {
				ALWAYS_SEARCH_USER_PATHS = NO;
				CLANG_ANALYZER_NONNULL = YES;
				CLANG_ANALYZER_NUMBER_OBJECT_CONVERSION = YES_AGGRESSIVE;
				CLANG_CXX_LANGUAGE_STANDARD = "gnu++0x";
				CLANG_CXX_LIBRARY = "libc++";
				CLANG_ENABLE_MODULES = YES;
				CLANG_ENABLE_OBJC_ARC = YES;
				CLANG_WARN_BOOL_CONVERSION = YES;
				CLANG_WARN_CONSTANT_CONVERSION = YES;
				CLANG_WARN_DIRECT_OBJC_ISA_USAGE = YES_ERROR;
				CLANG_WARN_DOCUMENTATION_COMMENTS = YES;
				CLANG_WARN_EMPTY_BODY = YES;
				CLANG_WARN_ENUM_CONVERSION = YES;
				CLANG_WARN_INFINITE_RECURSION = YES;
				CLANG_WARN_INT_CONVERSION = YES;
				CLANG_WARN_OBJC_ROOT_CLASS = YES_ERROR;
				CLANG_WARN_SUSPICIOUS_MOVE = YES;
				CLANG_WARN_UNREACHABLE_CODE = YES;
				CLANG_WARN__DUPLICATE_METHOD_MATCH = YES;
				"CODE_SIGN_IDENTITY[sdk=iphoneos*]" = "iPhone Developer";
				COPY_PHASE_STRIP = NO;
				DEBUG_INFORMATION_FORMAT = dwarf;
				ENABLE_STRICT_OBJC_MSGSEND = YES;
				ENABLE_TESTABILITY = YES;
				GCC_C_LANGUAGE_STANDARD = gnu99;
				GCC_DYNAMIC_NO_PIC = NO;
				GCC_NO_COMMON_BLOCKS = YES;
				GCC_OPTIMIZATION_LEVEL = 0;
				GCC_PREPROCESSOR_DEFINITIONS = (
					"DEBUG=1",
					"$(inherited)",
				);
				GCC_WARN_64_TO_32_BIT_CONVERSION = YES;
				GCC_WARN_ABOUT_RETURN_TYPE = YES_ERROR;
				GCC_WARN_UNDECLARED_SELECTOR = YES;
				GCC_WARN_UNINITIALIZED_AUTOS = YES_AGGRESSIVE;
				GCC_WARN_UNUSED_FUNCTION = YES;
				GCC_WARN_UNUSED_VARIABLE = YES;
				IPHONEOS_DEPLOYMENT_TARGET = 10.3;
				MTL_ENABLE_DEBUG_INFO = YES;
				ONLY_ACTIVE_ARCH = YES;
				SDKROOT = iphoneos;
				SWIFT_ACTIVE_COMPILATION_CONDITIONS = DEBUG;
				SWIFT_OPTIMIZATION_LEVEL = "-Onone";
				TARGETED_DEVICE_FAMILY = "1,2";
			};
			name = Debug;
		};
		012B9FB31F29489E000F1762 /* Release */ = {
			isa = XCBuildConfiguration;
			buildSettings = {
				ALWAYS_SEARCH_USER_PATHS = NO;
				CLANG_ANALYZER_NONNULL = YES;
				CLANG_ANALYZER_NUMBER_OBJECT_CONVERSION = YES_AGGRESSIVE;
				CLANG_CXX_LANGUAGE_STANDARD = "gnu++0x";
				CLANG_CXX_LIBRARY = "libc++";
				CLANG_ENABLE_MODULES = YES;
				CLANG_ENABLE_OBJC_ARC = YES;
				CLANG_WARN_BOOL_CONVERSION = YES;
				CLANG_WARN_CONSTANT_CONVERSION = YES;
				CLANG_WARN_DIRECT_OBJC_ISA_USAGE = YES_ERROR;
				CLANG_WARN_DOCUMENTATION_COMMENTS = YES;
				CLANG_WARN_EMPTY_BODY = YES;
				CLANG_WARN_ENUM_CONVERSION = YES;
				CLANG_WARN_INFINITE_RECURSION = YES;
				CLANG_WARN_INT_CONVERSION = YES;
				CLANG_WARN_OBJC_ROOT_CLASS = YES_ERROR;
				CLANG_WARN_SUSPICIOUS_MOVE = YES;
				CLANG_WARN_UNREACHABLE_CODE = YES;
				CLANG_WARN__DUPLICATE_METHOD_MATCH = YES;
				"CODE_SIGN_IDENTITY[sdk=iphoneos*]" = "iPhone Developer";
				COPY_PHASE_STRIP = NO;
				DEBUG_INFORMATION_FORMAT = "dwarf-with-dsym";
				ENABLE_NS_ASSERTIONS = NO;
				ENABLE_STRICT_OBJC_MSGSEND = YES;
				GCC_C_LANGUAGE_STANDARD = gnu99;
				GCC_NO_COMMON_BLOCKS = YES;
				GCC_WARN_64_TO_32_BIT_CONVERSION = YES;
				GCC_WARN_ABOUT_RETURN_TYPE = YES_ERROR;
				GCC_WARN_UNDECLARED_SELECTOR = YES;
				GCC_WARN_UNINITIALIZED_AUTOS = YES_AGGRESSIVE;
				GCC_WARN_UNUSED_FUNCTION = YES;
				GCC_WARN_UNUSED_VARIABLE = YES;
				IPHONEOS_DEPLOYMENT_TARGET = 10.3;
				MTL_ENABLE_DEBUG_INFO = NO;
				SDKROOT = iphoneos;
				SWIFT_OPTIMIZATION_LEVEL = "-Owholemodule";
				TARGETED_DEVICE_FAMILY = "1,2";
				VALIDATE_PRODUCT = YES;
			};
			name = Release;
		};
		012B9FB51F29489E000F1762 /* Debug */ = {
			isa = XCBuildConfiguration;
			baseConfigurationReference = 73555CA68948B721A91BFECB /* Pods-Quandoo-Candidate-Task.debug.xcconfig */;
			buildSettings = {
				ASSETCATALOG_COMPILER_APPICON_NAME = AppIcon;
				CLANG_ENABLE_MODULES = YES;
				DEVELOPMENT_TEAM = LG4XB4J5E3;
				INFOPLIST_FILE = "Quandoo-Candidate-Task/Info.plist";
				LD_RUNPATH_SEARCH_PATHS = "$(inherited) @executable_path/Frameworks";
				PRODUCT_BUNDLE_IDENTIFIER = "com.ahmad.atef.Quandoo-Candidate-Task";
				PRODUCT_NAME = "$(TARGET_NAME)";
				SWIFT_OBJC_BRIDGING_HEADER = "Quandoo-Candidate-Task/View Controllers/Quandoo-Candidate-Task-Bridging-Header.h";
				SWIFT_OPTIMIZATION_LEVEL = "-Onone";
				SWIFT_VERSION = 3.0;
			};
			name = Debug;
		};
		012B9FB61F29489E000F1762 /* Release */ = {
			isa = XCBuildConfiguration;
			baseConfigurationReference = 10EE1673EE96B62A0C3179FE /* Pods-Quandoo-Candidate-Task.release.xcconfig */;
			buildSettings = {
				ASSETCATALOG_COMPILER_APPICON_NAME = AppIcon;
				CLANG_ENABLE_MODULES = YES;
				DEVELOPMENT_TEAM = LG4XB4J5E3;
				INFOPLIST_FILE = "Quandoo-Candidate-Task/Info.plist";
				LD_RUNPATH_SEARCH_PATHS = "$(inherited) @executable_path/Frameworks";
				PRODUCT_BUNDLE_IDENTIFIER = "com.ahmad.atef.Quandoo-Candidate-Task";
				PRODUCT_NAME = "$(TARGET_NAME)";
				SWIFT_OBJC_BRIDGING_HEADER = "Quandoo-Candidate-Task/View Controllers/Quandoo-Candidate-Task-Bridging-Header.h";
				SWIFT_VERSION = 3.0;
			};
			name = Release;
		};
/* End XCBuildConfiguration section */

/* Begin XCConfigurationList section */
		012B9F9B1F29489E000F1762 /* Build configuration list for PBXProject "Quandoo-Candidate-Task" */ = {
			isa = XCConfigurationList;
			buildConfigurations = (
				012B9FB21F29489E000F1762 /* Debug */,
				012B9FB31F29489E000F1762 /* Release */,
			);
			defaultConfigurationIsVisible = 0;
			defaultConfigurationName = Release;
		};
		012B9FB41F29489E000F1762 /* Build configuration list for PBXNativeTarget "Quandoo-Candidate-Task" */ = {
			isa = XCConfigurationList;
			buildConfigurations = (
				012B9FB51F29489E000F1762 /* Debug */,
				012B9FB61F29489E000F1762 /* Release */,
			);
			defaultConfigurationIsVisible = 0;
			defaultConfigurationName = Release;
		};
/* End XCConfigurationList section */
	};
	rootObject = 012B9F981F29489E000F1762 /* Project object */;
}
